{
  "requires": true,
  "lockfileVersion": 1,
  "dependencies": {
    "corpora": {
      "version": "https://github.com/dariusk/corpora/archive/master.tar.gz",
      "integrity": "sha512-ptf3uIN56m1EcMX0ErYccK+qC6xJK1YrFsc7yWRbFE+3P7RjVK5+0y4W7cLazsJmnrUOLO8MmNqdlHrqaGP3xA=="
    },
    "corpora-project": {
      "version": "0.2.0",
      "resolved": "https://registry.npmjs.org/corpora-project/-/corpora-project-0.2.0.tgz",
      "integrity": "sha1-eMDYYKDe8Jt1oS0jH2XQcyTfKGQ=",
      "requires": {
        "corpora": "https://github.com/dariusk/corpora/archive/master.tar.gz"
      }
    }
  }
}
